
Microsoft Visual Studio Solution File, Format Version 12.00
# Visual Studio Version 17
VisualStudioVersion = 17.4.33213.308
MinimumVisualStudioVersion = 10.0.40219.1
Project("{8BC9CEB8-8B4A-11D0-8D11-00A0C91BC942}") = "지역구 나누기", "지역구 나누기\지역구 나누기.vcxproj", "{9BBA9199-377B-49FF-9589-DFDA2C949220}"
EndProject
Global
	GlobalSection(SolutionConfigurationPlatforms) = preSolution
		Debug|x64 = Debug|x64
		Debug|x86 = Debug|x86
		Release|x64 = Release|x64
		Release|x86 = Release|x86
	EndGlobalSection
	GlobalSection(ProjectConfigurationPlatforms) = postSolution
		{9BBA9199-377B-49FF-9589-DFDA2C949220}.Debug|x64.ActiveCfg = Debug|x64
		{9BBA9199-377B-49FF-9589-DFDA2C949220}.Debug|x64.Build.0 = Debug|x64
		{9BBA9199-377B-49FF-9589-DFDA2C949220}.Debug|x86.ActiveCfg = Debug|Win32
		{9BBA9199-377B-49FF-9589-DFDA2C949220}.Debug|x86.Build.0 = Debug|Win32
		{9BBA9199-377B-49FF-9589-DFDA2C949220}.Release|x64.ActiveCfg = Release|x64
		{9BBA9199-377B-49FF-9589-DFDA2C949220}.Release|x64.Build.0 = Release|x64
		{9BBA9199-377B-49FF-9589-DFDA2C949220}.Release|x86.ActiveCfg = Release|Win32
		{9BBA9199-377B-49FF-9589-DFDA2C949220}.Release|x86.Build.0 = Release|Win32
	EndGlobalSection
	GlobalSection(SolutionProperties) = preSolution
		HideSolutionNode = FALSE
	EndGlobalSection
	GlobalSection(ExtensibilityGlobals) = postSolution
		SolutionGuid = {E5482A33-C7C7-44A9-92B4-E0103D45401D}
	EndGlobalSection
EndGlobal
